
Microsoft Visual Studio Solution File, Format Version 12.00
# Visual Studio Version 17
VisualStudioVersion = 17.1.32210.238
MinimumVisualStudioVersion = 10.0.40219.1
Project("{FAE04EC0-301F-11D3-BF4B-00C04F79EFBC}") = "ExamyUI", "ExamyUI\ExamyUI.csproj", "{43017232-9FE5-454C-A470-83A7ADB8992B}"
EndProject
Project("{FAE04EC0-301F-11D3-BF4B-00C04F79EFBC}") = "ExamyUserControl", "ExamyUserControl\ExamyUserControl.csproj", "{BBF00260-E05A-45CD-9123-901985F6D566}"
EndProject
Project("{FAE04EC0-301F-11D3-BF4B-00C04F79EFBC}") = "ExamDatabase", "ExamDatabase\ExamDatabase.csproj", "{C81423E1-4ADE-46E9-A783-7B74084DB39D}"
EndProject
Global
	GlobalSection(SolutionConfigurationPlatforms) = preSolution
		Debug|Any CPU = Debug|Any CPU
		Release|Any CPU = Release|Any CPU
	EndGlobalSection
	GlobalSection(ProjectConfigurationPlatforms) = postSolution
		{43017232-9FE5-454C-A470-83A7ADB8992B}.Debug|Any CPU.ActiveCfg = Debug|Any CPU
		{43017232-9FE5-454C-A470-83A7ADB8992B}.Debug|Any CPU.Build.0 = Debug|Any CPU
		{43017232-9FE5-454C-A470-83A7ADB8992B}.Release|Any CPU.ActiveCfg = Release|Any CPU
		{43017232-9FE5-454C-A470-83A7ADB8992B}.Release|Any CPU.Build.0 = Release|Any CPU
		{BBF00260-E05A-45CD-9123-901985F6D566}.Debug|Any CPU.ActiveCfg = Debug|Any CPU
		{BBF00260-E05A-45CD-9123-901985F6D566}.Debug|Any CPU.Build.0 = Debug|Any CPU
		{BBF00260-E05A-45CD-9123-901985F6D566}.Release|Any CPU.ActiveCfg = Release|Any CPU
		{BBF00260-E05A-45CD-9123-901985F6D566}.Release|Any CPU.Build.0 = Release|Any CPU
		{C81423E1-4ADE-46E9-A783-7B74084DB39D}.Debug|Any CPU.ActiveCfg = Debug|Any CPU
		{C81423E1-4ADE-46E9-A783-7B74084DB39D}.Debug|Any CPU.Build.0 = Debug|Any CPU
		{C81423E1-4ADE-46E9-A783-7B74084DB39D}.Release|Any CPU.ActiveCfg = Release|Any CPU
		{C81423E1-4ADE-46E9-A783-7B74084DB39D}.Release|Any CPU.Build.0 = Release|Any CPU
	EndGlobalSection
	GlobalSection(SolutionProperties) = preSolution
		HideSolutionNode = FALSE
	EndGlobalSection
	GlobalSection(ExtensibilityGlobals) = postSolution
		SolutionGuid = {B0AB569F-32CE-4781-B1D0-4FEA426B9F3F}
	EndGlobalSection
EndGlobal
